
Microsoft Visual Studio Solution File, Format Version 12.00
# Visual Studio Version 16
VisualStudioVersion = 16.0.31911.196
MinimumVisualStudioVersion = 10.0.40219.1
Project("{FAE04EC0-301F-11D3-BF4B-00C04F79EFBC}") = "LimitOfTypes", "LimitOfTypes\LimitOfTypes.csproj", "{7AF0F5E1-3BC3-4526-BC70-FA561D9912D9}"
EndProject
Project("{FAE04EC0-301F-11D3-BF4B-00C04F79EFBC}") = "LimitOfTypeTest", "LimitOfTypeTest\LimitOfTypeTest.csproj", "{2BFE353B-8B4F-4D09-B031-DA275826A7C3}"
EndProject
Project("{FAE04EC0-301F-11D3-BF4B-00C04F79EFBC}") = "UI", "UI\UI.csproj", "{26A88AD3-26CC-4A39-9404-AAD800837FC4}"
EndProject
Global
	GlobalSection(SolutionConfigurationPlatforms) = preSolution
		Debug|Any CPU = Debug|Any CPU
		Release|Any CPU = Release|Any CPU
	EndGlobalSection
	GlobalSection(ProjectConfigurationPlatforms) = postSolution
		{7AF0F5E1-3BC3-4526-BC70-FA561D9912D9}.Debug|Any CPU.ActiveCfg = Debug|Any CPU
		{7AF0F5E1-3BC3-4526-BC70-FA561D9912D9}.Debug|Any CPU.Build.0 = Debug|Any CPU
		{7AF0F5E1-3BC3-4526-BC70-FA561D9912D9}.Release|Any CPU.ActiveCfg = Release|Any CPU
		{7AF0F5E1-3BC3-4526-BC70-FA561D9912D9}.Release|Any CPU.Build.0 = Release|Any CPU
		{2BFE353B-8B4F-4D09-B031-DA275826A7C3}.Debug|Any CPU.ActiveCfg = Debug|Any CPU
		{2BFE353B-8B4F-4D09-B031-DA275826A7C3}.Debug|Any CPU.Build.0 = Debug|Any CPU
		{2BFE353B-8B4F-4D09-B031-DA275826A7C3}.Release|Any CPU.ActiveCfg = Release|Any CPU
		{2BFE353B-8B4F-4D09-B031-DA275826A7C3}.Release|Any CPU.Build.0 = Release|Any CPU
		{26A88AD3-26CC-4A39-9404-AAD800837FC4}.Debug|Any CPU.ActiveCfg = Debug|Any CPU
		{26A88AD3-26CC-4A39-9404-AAD800837FC4}.Debug|Any CPU.Build.0 = Debug|Any CPU
		{26A88AD3-26CC-4A39-9404-AAD800837FC4}.Release|Any CPU.ActiveCfg = Release|Any CPU
		{26A88AD3-26CC-4A39-9404-AAD800837FC4}.Release|Any CPU.Build.0 = Release|Any CPU
	EndGlobalSection
	GlobalSection(SolutionProperties) = preSolution
		HideSolutionNode = FALSE
	EndGlobalSection
	GlobalSection(ExtensibilityGlobals) = postSolution
		SolutionGuid = {BE07C6C9-777E-451A-B7FE-C3F424E525A8}
	EndGlobalSection
EndGlobal
